<Solution>
  <Project Path="PharmaDicBackEnd.ApiService/PharmaDicBackEnd.ApiService.csproj" />
  <Project Path="PharmaDicBackEnd.AppHost/PharmaDicBackEnd.AppHost.csproj" />
  <Project Path="PharmaDicBackEnd.ServiceDefaults/PharmaDicBackEnd.ServiceDefaults.csproj" />
  <Project Path="PharmaDicBackEnd.Web/PharmaDicBackEnd.Web.csproj" />
</Solution>
